
Microsoft Visual Studio Solution File, Format Version 12.00
# Visual Studio 14
VisualStudioVersion = 14.0.25420.1
MinimumVisualStudioVersion = 10.0.40219.1
Project("{FAE04EC0-301F-11D3-BF4B-00C04F79EFBC}") = "LB.BLL", "LB.BLL\LB.BLL.csproj", "{756F5050-40B8-4B9F-90D8-858A392BFB3C}"
EndProject
Project("{FAE04EC0-301F-11D3-BF4B-00C04F79EFBC}") = "LB.SQLServerDAL", "LB.SQLServerDAL\LB.SQLServerDAL.csproj", "{5A66D98F-2F4B-45A5-A2A3-77C57408CBE5}"
EndProject
Project("{E24C65DC-7377-472B-9ABA-BC803B73C61A}") = "LB.WebUI", "LB.WebUI\", "{101620D0-CA5A-41A5-9C91-3DE552E5F729}"
	ProjectSection(WebsiteProperties) = preProject
		TargetFrameworkMoniker = ".NETFramework,Version%3Dv4.0"
		ProjectReferences = "{756f5050-40b8-4b9f-90d8-858a392bfb3c}|LB.BLL.dll;{5A66D98F-2F4B-45A5-A2A3-77C57408CBE5}|LB.SQLServerDAL.dll;{C576E507-1E6E-4AAB-9863-A46398D09FAD}|LB.Model.dll;{2ff3a869-0866-4902-a739-1115ab19c961}|LB.Weixin.dll;{74359701-27BC-4F9F-BCBB-0733D929D69E}|LB.WeixinMP.dll;"
		Debug.AspNetCompiler.VirtualPath = "/localhost_1131"
		Debug.AspNetCompiler.PhysicalPath = "LB.WebUI\"
		Debug.AspNetCompiler.TargetPath = "PrecompiledWeb\localhost_1131\"
		Debug.AspNetCompiler.Updateable = "true"
		Debug.AspNetCompiler.ForceOverwrite = "true"
		Debug.AspNetCompiler.FixedNames = "false"
		Debug.AspNetCompiler.Debug = "True"
		Release.AspNetCompiler.VirtualPath = "/localhost_1131"
		Release.AspNetCompiler.PhysicalPath = "LB.WebUI\"
		Release.AspNetCompiler.TargetPath = "PrecompiledWeb\localhost_1131\"
		Release.AspNetCompiler.Updateable = "true"
		Release.AspNetCompiler.ForceOverwrite = "true"
		Release.AspNetCompiler.FixedNames = "false"
		Release.AspNetCompiler.Debug = "False"
		VWDPort = "1131"
		SlnRelativePath = "LB.WebUI\"
		DefaultWebSiteLanguage = "Visual C#"
	EndProjectSection
EndProject
Project("{2150E333-8FDC-42A3-9474-1A3956D46DE8}") = "NewFolder1", "NewFolder1", "{AA163DD3-16E3-4272-81E4-7C32DF97BD38}"
	ProjectSection(SolutionItems) = preProject
		Roles.txt = Roles.txt
		待解决.txt = 待解决.txt
		数据字典.txt = 数据字典.txt
		数据库变动记录.txt = 数据库变动记录.txt
	EndProjectSection
EndProject
Project("{FAE04EC0-301F-11D3-BF4B-00C04F79EFBC}") = "LB.Model", "LB.Model\LB.Model.csproj", "{C576E507-1E6E-4AAB-9863-A46398D09FAD}"
EndProject
Project("{FAE04EC0-301F-11D3-BF4B-00C04F79EFBC}") = "LB.Weixin", "LB.Weixin\LB.Weixin.csproj", "{2FF3A869-0866-4902-A739-1115AB19C961}"
EndProject
Project("{E24C65DC-7377-472B-9ABA-BC803B73C61A}") = "WxQYUI", "WxQYUI\", "{B77F44D1-35FE-4111-8966-BD078782677E}"
	ProjectSection(WebsiteProperties) = preProject
		TargetFrameworkMoniker = ".NETFramework,Version%3Dv4.0"
		ProjectReferences = "{2ff3a869-0866-4902-a739-1115ab19c961}|LB.Weixin.dll;{5A66D98F-2F4B-45A5-A2A3-77C57408CBE5}|LB.SQLServerDAL.dll;{C576E507-1E6E-4AAB-9863-A46398D09FAD}|LB.Model.dll;{756f5050-40b8-4b9f-90d8-858a392bfb3c}|LB.BLL.dll;{74359701-27BC-4F9F-BCBB-0733D929D69E}|LB.WeixinMP.dll;"
		Debug.AspNetCompiler.VirtualPath = "/localhost_4870"
		Debug.AspNetCompiler.PhysicalPath = "WxQYUI\"
		Debug.AspNetCompiler.TargetPath = "PrecompiledWeb\localhost_4870\"
		Debug.AspNetCompiler.Updateable = "true"
		Debug.AspNetCompiler.ForceOverwrite = "true"
		Debug.AspNetCompiler.FixedNames = "false"
		Debug.AspNetCompiler.Debug = "True"
		Release.AspNetCompiler.VirtualPath = "/localhost_4870"
		Release.AspNetCompiler.PhysicalPath = "WxQYUI\"
		Release.AspNetCompiler.TargetPath = "PrecompiledWeb\localhost_4870\"
		Release.AspNetCompiler.Updateable = "true"
		Release.AspNetCompiler.ForceOverwrite = "true"
		Release.AspNetCompiler.FixedNames = "false"
		Release.AspNetCompiler.Debug = "False"
		VWDPort = "4870"
		SlnRelativePath = "WxQYUI\"
		DefaultWebSiteLanguage = "Visual C#"
	EndProjectSection
EndProject
Project("{E24C65DC-7377-472B-9ABA-BC803B73C61A}") = "LB.BMUI", "LB.BMUI\", "{FC79127A-C912-4B63-B398-0BDA25CBD977}"
	ProjectSection(WebsiteProperties) = preProject
		TargetFrameworkMoniker = ".NETFramework,Version%3Dv4.0"
		ProjectReferences = "{756f5050-40b8-4b9f-90d8-858a392bfb3c}|LB.BLL.dll;{C576E507-1E6E-4AAB-9863-A46398D09FAD}|LB.Model.dll;{5A66D98F-2F4B-45A5-A2A3-77C57408CBE5}|LB.SQLServerDAL.dll;{2ff3a869-0866-4902-a739-1115ab19c961}|LB.Weixin.dll;{74359701-27BC-4F9F-BCBB-0733D929D69E}|LB.WeixinMP.dll;"
		Debug.AspNetCompiler.VirtualPath = "/localhost_1174"
		Debug.AspNetCompiler.PhysicalPath = "LB.BMUI\"
		Debug.AspNetCompiler.TargetPath = "PrecompiledWeb\localhost_1174\"
		Debug.AspNetCompiler.Updateable = "true"
		Debug.AspNetCompiler.ForceOverwrite = "true"
		Debug.AspNetCompiler.FixedNames = "false"
		Debug.AspNetCompiler.Debug = "True"
		Release.AspNetCompiler.VirtualPath = "/localhost_1174"
		Release.AspNetCompiler.PhysicalPath = "LB.BMUI\"
		Release.AspNetCompiler.TargetPath = "PrecompiledWeb\localhost_1174\"
		Release.AspNetCompiler.Updateable = "true"
		Release.AspNetCompiler.ForceOverwrite = "true"
		Release.AspNetCompiler.FixedNames = "false"
		Release.AspNetCompiler.Debug = "False"
		VWDPort = "1174"
		SlnRelativePath = "LB.BMUI\"
		DefaultWebSiteLanguage = "Visual C#"
	EndProjectSection
	ProjectSection(ProjectDependencies) = postProject
		{B77F44D1-35FE-4111-8966-BD078782677E} = {B77F44D1-35FE-4111-8966-BD078782677E}
	EndProjectSection
EndProject
Project("{E24C65DC-7377-472B-9ABA-BC803B73C61A}") = "LB.HSUI", "LB.HSUI\", "{25695107-D03F-43A7-9D78-524B7E9803D4}"
	ProjectSection(WebsiteProperties) = preProject
		TargetFrameworkMoniker = ".NETFramework,Version%3Dv4.5"
		ProjectReferences = "{5a66d98f-2f4b-45a5-a2a3-77c57408cbe5}|LB.SQLServerDAL.dll;{C576E507-1E6E-4AAB-9863-A46398D09FAD}|LB.Model.dll;{756f5050-40b8-4b9f-90d8-858a392bfb3c}|LB.BLL.dll;{74359701-27BC-4F9F-BCBB-0733D929D69E}|LB.WeixinMP.dll;"
		Debug.AspNetCompiler.VirtualPath = "/localhost_4276"
		Debug.AspNetCompiler.PhysicalPath = "LB.HSUI\"
		Debug.AspNetCompiler.TargetPath = "PrecompiledWeb\localhost_4276\"
		Debug.AspNetCompiler.Updateable = "true"
		Debug.AspNetCompiler.ForceOverwrite = "true"
		Debug.AspNetCompiler.FixedNames = "false"
		Debug.AspNetCompiler.Debug = "True"
		Release.AspNetCompiler.VirtualPath = "/localhost_4276"
		Release.AspNetCompiler.PhysicalPath = "LB.HSUI\"
		Release.AspNetCompiler.TargetPath = "PrecompiledWeb\localhost_4276\"
		Release.AspNetCompiler.Updateable = "true"
		Release.AspNetCompiler.ForceOverwrite = "true"
		Release.AspNetCompiler.FixedNames = "false"
		Release.AspNetCompiler.Debug = "False"
		VWDPort = "4276"
		SlnRelativePath = "LB.HSUI\"
		DefaultWebSiteLanguage = "Visual C#"
	EndProjectSection
EndProject
Project("{E24C65DC-7377-472B-9ABA-BC803B73C61A}") = "WxMPUI", "WxMPUI\", "{FB50F04D-2B23-41D4-AAC0-4FA6CA76EE80}"
	ProjectSection(WebsiteProperties) = preProject
		TargetFrameworkMoniker = ".NETFramework,Version%3Dv4.0"
		ProjectReferences = "{74359701-27bc-4f9f-bcbb-0733d929d69e}|LB.WeixinMP.dll;{5A66D98F-2F4B-45A5-A2A3-77C57408CBE5}|LB.SQLServerDAL.dll;{C576E507-1E6E-4AAB-9863-A46398D09FAD}|LB.Model.dll;{756f5050-40b8-4b9f-90d8-858a392bfb3c}|LB.BLL.dll;"
		Debug.AspNetCompiler.VirtualPath = "/localhost_1976"
		Debug.AspNetCompiler.PhysicalPath = "WxMPUI\"
		Debug.AspNetCompiler.TargetPath = "PrecompiledWeb\localhost_1976\"
		Debug.AspNetCompiler.Updateable = "true"
		Debug.AspNetCompiler.ForceOverwrite = "true"
		Debug.AspNetCompiler.FixedNames = "false"
		Debug.AspNetCompiler.Debug = "True"
		Release.AspNetCompiler.VirtualPath = "/localhost_1976"
		Release.AspNetCompiler.PhysicalPath = "WxMPUI\"
		Release.AspNetCompiler.TargetPath = "PrecompiledWeb\localhost_1976\"
		Release.AspNetCompiler.Updateable = "true"
		Release.AspNetCompiler.ForceOverwrite = "true"
		Release.AspNetCompiler.FixedNames = "false"
		Release.AspNetCompiler.Debug = "False"
		VWDPort = "1976"
		SlnRelativePath = "WxMPUI\"
		DefaultWebSiteLanguage = "Visual C#"
	EndProjectSection
EndProject
Project("{FAE04EC0-301F-11D3-BF4B-00C04F79EFBC}") = "LB.WeixinMP", "LB.WeixinMP\LB.WeixinMP.csproj", "{74359701-27BC-4F9F-BCBB-0733D929D69E}"
EndProject
Global
	GlobalSection(SolutionConfigurationPlatforms) = preSolution
		Debug|Any CPU = Debug|Any CPU
		Release|Any CPU = Release|Any CPU
	EndGlobalSection
	GlobalSection(ProjectConfigurationPlatforms) = postSolution
		{756F5050-40B8-4B9F-90D8-858A392BFB3C}.Debug|Any CPU.ActiveCfg = Debug|Any CPU
		{756F5050-40B8-4B9F-90D8-858A392BFB3C}.Debug|Any CPU.Build.0 = Debug|Any CPU
		{756F5050-40B8-4B9F-90D8-858A392BFB3C}.Release|Any CPU.ActiveCfg = Release|Any CPU
		{756F5050-40B8-4B9F-90D8-858A392BFB3C}.Release|Any CPU.Build.0 = Release|Any CPU
		{5A66D98F-2F4B-45A5-A2A3-77C57408CBE5}.Debug|Any CPU.ActiveCfg = Debug|Any CPU
		{5A66D98F-2F4B-45A5-A2A3-77C57408CBE5}.Debug|Any CPU.Build.0 = Debug|Any CPU
		{5A66D98F-2F4B-45A5-A2A3-77C57408CBE5}.Release|Any CPU.ActiveCfg = Release|Any CPU
		{5A66D98F-2F4B-45A5-A2A3-77C57408CBE5}.Release|Any CPU.Build.0 = Release|Any CPU
		{101620D0-CA5A-41A5-9C91-3DE552E5F729}.Debug|Any CPU.ActiveCfg = Debug|Any CPU
		{101620D0-CA5A-41A5-9C91-3DE552E5F729}.Debug|Any CPU.Build.0 = Debug|Any CPU
		{101620D0-CA5A-41A5-9C91-3DE552E5F729}.Release|Any CPU.ActiveCfg = Debug|Any CPU
		{101620D0-CA5A-41A5-9C91-3DE552E5F729}.Release|Any CPU.Build.0 = Debug|Any CPU
		{C576E507-1E6E-4AAB-9863-A46398D09FAD}.Debug|Any CPU.ActiveCfg = Debug|Any CPU
		{C576E507-1E6E-4AAB-9863-A46398D09FAD}.Debug|Any CPU.Build.0 = Debug|Any CPU
		{C576E507-1E6E-4AAB-9863-A46398D09FAD}.Release|Any CPU.ActiveCfg = Release|Any CPU
		{C576E507-1E6E-4AAB-9863-A46398D09FAD}.Release|Any CPU.Build.0 = Release|Any CPU
		{2FF3A869-0866-4902-A739-1115AB19C961}.Debug|Any CPU.ActiveCfg = Debug|Any CPU
		{2FF3A869-0866-4902-A739-1115AB19C961}.Debug|Any CPU.Build.0 = Debug|Any CPU
		{2FF3A869-0866-4902-A739-1115AB19C961}.Release|Any CPU.ActiveCfg = Release|Any CPU
		{2FF3A869-0866-4902-A739-1115AB19C961}.Release|Any CPU.Build.0 = Release|Any CPU
		{B77F44D1-35FE-4111-8966-BD078782677E}.Debug|Any CPU.ActiveCfg = Debug|Any CPU
		{B77F44D1-35FE-4111-8966-BD078782677E}.Debug|Any CPU.Build.0 = Debug|Any CPU
		{B77F44D1-35FE-4111-8966-BD078782677E}.Release|Any CPU.ActiveCfg = Debug|Any CPU
		{B77F44D1-35FE-4111-8966-BD078782677E}.Release|Any CPU.Build.0 = Debug|Any CPU
		{FC79127A-C912-4B63-B398-0BDA25CBD977}.Debug|Any CPU.ActiveCfg = Debug|Any CPU
		{FC79127A-C912-4B63-B398-0BDA25CBD977}.Debug|Any CPU.Build.0 = Debug|Any CPU
		{FC79127A-C912-4B63-B398-0BDA25CBD977}.Release|Any CPU.ActiveCfg = Debug|Any CPU
		{FC79127A-C912-4B63-B398-0BDA25CBD977}.Release|Any CPU.Build.0 = Debug|Any CPU
		{25695107-D03F-43A7-9D78-524B7E9803D4}.Debug|Any CPU.ActiveCfg = Debug|Any CPU
		{25695107-D03F-43A7-9D78-524B7E9803D4}.Debug|Any CPU.Build.0 = Debug|Any CPU
		{25695107-D03F-43A7-9D78-524B7E9803D4}.Release|Any CPU.ActiveCfg = Debug|Any CPU
		{25695107-D03F-43A7-9D78-524B7E9803D4}.Release|Any CPU.Build.0 = Debug|Any CPU
		{FB50F04D-2B23-41D4-AAC0-4FA6CA76EE80}.Debug|Any CPU.ActiveCfg = Debug|Any CPU
		{FB50F04D-2B23-41D4-AAC0-4FA6CA76EE80}.Debug|Any CPU.Build.0 = Debug|Any CPU
		{FB50F04D-2B23-41D4-AAC0-4FA6CA76EE80}.Release|Any CPU.ActiveCfg = Debug|Any CPU
		{FB50F04D-2B23-41D4-AAC0-4FA6CA76EE80}.Release|Any CPU.Build.0 = Debug|Any CPU
		{74359701-27BC-4F9F-BCBB-0733D929D69E}.Debug|Any CPU.ActiveCfg = Debug|Any CPU
		{74359701-27BC-4F9F-BCBB-0733D929D69E}.Debug|Any CPU.Build.0 = Debug|Any CPU
		{74359701-27BC-4F9F-BCBB-0733D929D69E}.Release|Any CPU.ActiveCfg = Release|Any CPU
		{74359701-27BC-4F9F-BCBB-0733D929D69E}.Release|Any CPU.Build.0 = Release|Any CPU
	EndGlobalSection
	GlobalSection(SolutionProperties) = preSolution
		HideSolutionNode = FALSE
	EndGlobalSection
EndGlobal
